
Microsoft Visual Studio Solution File, Format Version 12.00
Project("{FAE04EC0-301F-11D3-BF4B-00C04F79EFBC}") = "LabWork1", "LabWork1\LabWork1.csproj", "{4C7D6F27-1EAB-43FB-A6F1-DCD00871CEBF}"
EndProject
Global
	GlobalSection(SolutionConfigurationPlatforms) = preSolution
		Debug|Any CPU = Debug|Any CPU
		Release|Any CPU = Release|Any CPU
	EndGlobalSection
	GlobalSection(ProjectConfigurationPlatforms) = postSolution
		{4C7D6F27-1EAB-43FB-A6F1-DCD00871CEBF}.Debug|Any CPU.ActiveCfg = Debug|Any CPU
		{4C7D6F27-1EAB-43FB-A6F1-DCD00871CEBF}.Debug|Any CPU.Build.0 = Debug|Any CPU
		{4C7D6F27-1EAB-43FB-A6F1-DCD00871CEBF}.Release|Any CPU.ActiveCfg = Release|Any CPU
		{4C7D6F27-1EAB-43FB-A6F1-DCD00871CEBF}.Release|Any CPU.Build.0 = Release|Any CPU
	EndGlobalSection
EndGlobal
